// !$*UTF8*$!
{
	archiveVersion = 1;
	classes = {
	};
	objectVersion = 46;
	objects = {

/* Begin PBXBuildFile section */
		D0501D021EFBBB170010582C /* AppDelegate.swift in Sources */ = {isa = PBXBuildFile; fileRef = D0501D011EFBBB170010582C /* AppDelegate.swift */; };
		D0501D041EFBBB170010582C /* ViewController.swift in Sources */ = {isa = PBXBuildFile; fileRef = D0501D031EFBBB170010582C /* ViewController.swift */; };
		D0501D071EFBBB170010582C /* Main.storyboard in Resources */ = {isa = PBXBuildFile; fileRef = D0501D051EFBBB170010582C /* Main.storyboard */; };
		D0501D091EFBBB170010582C /* Assets.xcassets in Resources */ = {isa = PBXBuildFile; fileRef = D0501D081EFBBB170010582C /* Assets.xcassets */; };
		D0501D0C1EFBBB170010582C /* LaunchScreen.storyboard in Resources */ = {isa = PBXBuildFile; fileRef = D0501D0A1EFBBB170010582C /* LaunchScreen.storyboard */; };
/* End PBXBuildFile section */

/* Begin PBXFileReference section */
		D0501CFE1EFBBB170010582C /* PlayProject.app */ = {isa = PBXFileReference; explicitFileType = wrapper.application; includeInIndex = 0; path = PlayProject.app; sourceTree = BUILT_PRODUCTS_DIR; };
		D0501D011EFBBB170010582C /* AppDelegate.swift */ = {isa = PBXFileReference; lastKnownFileType = sourcecode.swift; path = AppDelegate.swift; sourceTree = "<group>"; };
		D0501D031EFBBB170010582C /* ViewController.swift */ = {isa = PBXFileReference; lastKnownFileType = sourcecode.swift; path = ViewController.swift; sourceTree = "<group>"; };
		D0501D061EFBBB170010582C /* Base */ = {isa = PBXFileReference; lastKnownFileType = file.storyboard; name = Base; path = Base.lproj/Main.storyboard; sourceTree = "<group>"; };
		D0501D081EFBBB170010582C /* Assets.xcassets */ = {isa = PBXFileReference; lastKnownFileType = folder.assetcatalog; path = Assets.xcassets; sourceTree = "<group>"; };
		D0501D0B1EFBBB170010582C /* Base */ = {isa = PBXFileReference; lastKnownFileType = file.storyboard; name = Base; path = Base.lproj/LaunchScreen.storyboard; sourceTree = "<group>"; };
		D0501D0D1EFBBB170010582C /* Info.plist */ = {isa = PBXFileReference; lastKnownFileType = text.plist.xml; path = Info.plist; sourceTree = "<group>"; };
/* End PBXFileReference section */

/* Begin PBXFrameworksBuildPhase section */
		D0501CFB1EFBBB170010582C /* Frameworks */ = {
			isa = PBXFrameworksBuildPhase;
			buildActionMask = 2147483647;
			files = (
			);
			runOnlyForDeploymentPostprocessing = 0;
		};
/* End PBXFrameworksBuildPhase section */

/* Begin PBXGroup section */
		D0501CF51EFBBB170010582C = {
			isa = PBXGroup;
			children = (
				D0501D001EFBBB170010582C /* PlayProject */,
				D0501CFF1EFBBB170010582C /* Products */,
			);
			sourceTree = "<group>";
		};
		D0501CFF1EFBBB170010582C /* Products */ = {
			isa = PBXGroup;
			children = (
				D0501CFE1EFBBB170010582C /* PlayProject.app */,
			);
			name = Products;
			sourceTree = "<group>";
		};
		D0501D001EFBBB170010582C /* PlayProject */ = {
			isa = PBXGroup;
			children = (
				D0501D011EFBBB170010582C /* AppDelegate.swift */,
				D0501D031EFBBB170010582C /* ViewController.swift */,
				D0501D051EFBBB170010582C /* Main.storyboard */,
				D0501D081EFBBB170010582C /* Assets.xcassets */,
				D0501D0A1EFBBB170010582C /* LaunchScreen.storyboard */,
				D0501D0D1EFBBB170010582C /* Info.plist */,
			);
			path = PlayProject;
			sourceTree = "<group>";
		};
/* End PBXGroup section */

/* Begin PBXNativeTarget section */
		D0501CFD1EFBBB170010582C /* PlayProject */ = {
			isa = PBXNativeTarget;
			buildConfigurationList = D0501D101EFBBB170010582C /* Build configuration list for PBXNativeTarget "PlayProject" */;
			buildPhases = (
				D0501CFA1EFBBB170010582C /* Sources */,
				D0501CFB1EFBBB170010582C /* Frameworks */,
				D0501CFC1EFBBB170010582C /* Resources */,
			);
			buildRules = (
			);
			dependencies = (
			);
			name = PlayProject;
			productName = PlayProject;
			productReference = D0501CFE1EFBBB170010582C /* PlayProject.app */;
			productType = "com.apple.product-type.application";
		};
/* End PBXNativeTarget section */

/* Begin PBXProject section */
		D0501CF61EFBBB170010582C /* Project object */ = {
			isa = PBXProject;
			attributes = {
				LastSwiftUpdateCheck = 0820;
				LastUpgradeCheck = 0820;
				ORGANIZATIONNAME = "Senior Node";
				TargetAttributes = {
					D0501CFD1EFBBB170010582C = {
						CreatedOnToolsVersion = 8.2.1;
						DevelopmentTeam = VDHAM8S7J8;
						ProvisioningStyle = Automatic;
					};
				};
			};
			buildConfigurationList = D0501CF91EFBBB170010582C /* Build configuration list for PBXProject "PlayProject" */;
			compatibilityVersion = "Xcode 3.2";
			developmentRegion = English;
			hasScannedForEncodings = 0;
			knownRegions = (
				en,
				Base,
			);
			mainGroup = D0501CF51EFBBB170010582C;
			productRefGroup = D0501CFF1EFBBB170010582C /* Products */;
			projectDirPath = "";
			projectRoot = "";
			targets = (
				D0501CFD1EFBBB170010582C /* PlayProject */,
			);
		};
/* End PBXProject section */

/* Begin PBXResourcesBuildPhase section */
		D0501CFC1EFBBB170010582C /* Resources */ = {
			isa = PBXResourcesBuildPhase;
			buildActionMask = 2147483647;
			files = (
				D0501D0C1EFBBB170010582C /* LaunchScreen.storyboard in Resources */,
				D0501D091EFBBB170010582C /* Assets.xcassets in Resources */,
				D0501D071EFBBB170010582C /* Main.storyboard in Resources */,
			);
			runOnlyForDeploymentPostprocessing = 0;
		};
/* End PBXResourcesBuildPhase section */

/* Begin PBXSourcesBuildPhase section */
		D0501CFA1EFBBB170010582C /* Sources */ = {
			isa = PBXSourcesBuildPhase;
			buildActionMask = 2147483647;
			files = (
				D0501D041EFBBB170010582C /* ViewController.swift in Sources */,
				D0501D021EFBBB170010582C /* AppDelegate.swift in Sources */,
			);
			runOnlyForDeploymentPostprocessing = 0;
		};
/* End PBXSourcesBuildPhase section */

/* Begin PBXVariantGroup section */
		D0501D051EFBBB170010582C /* Main.storyboard */ = {
			isa = PBXVariantGroup;
			children = (
				D0501D061EFBBB170010582C /* Base */,
			);
			name = Main.storyboard;
			sourceTree = "<group>";
		};
		D0501D0A1EFBBB170010582C /* LaunchScreen.storyboard */ = {
			isa = PBXVariantGroup;
			children = (
				D0501D0B1EFBBB170010582C /* Base */,
			);
			name = LaunchScreen.storyboard;
			sourceTree = "<group>";
		};
/* End PBXVariantGroup section */

/* Begin XCBuildConfiguration section */
		D0501D0E1EFBBB170010582C /* Debug */ = {
			isa = XCBuildConfiguration;
			buildSettings = {
				ALWAYS_SEARCH_USER_PATHS = NO;
				CLANG_ANALYZER_NONNULL = YES;
				CLANG_CXX_LANGUAGE_STANDARD = "gnu++0x";
				CLANG_CXX_LIBRARY = "libc++";
				CLANG_ENABLE_MODULES = YES;
				CLANG_ENABLE_OBJC_ARC = YES;
				CLANG_WARN_BOOL_CONVERSION = YES;
				CLANG_WARN_CONSTANT_CONVERSION = YES;
				CLANG_WARN_DIRECT_OBJC_ISA_USAGE = YES_ERROR;
				CLANG_WARN_DOCUMENTATION_COMMENTS = YES;
				CLANG_WARN_EMPTY_BODY = YES;
				CLANG_WARN_ENUM_CONVERSION = YES;
				CLANG_WARN_INFINITE_RECURSION = YES;
				CLANG_WARN_INT_CONVERSION = YES;
				CLANG_WARN_OBJC_ROOT_CLASS = YES_ERROR;
				CLANG_WARN_SUSPICIOUS_MOVE = YES;
				CLANG_WARN_UNREACHABLE_CODE = YES;
				CLANG_WARN__DUPLICATE_METHOD_MATCH = YES;
				"CODE_SIGN_IDENTITY[sdk=iphoneos*]" = "iPhone Developer";
				COPY_PHASE_STRIP = NO;
				DEBUG_INFORMATION_FORMAT = dwarf;
				ENABLE_STRICT_OBJC_MSGSEND = YES;
				ENABLE_TESTABILITY = YES;
				GCC_C_LANGUAGE_STANDARD = gnu99;
				GCC_DYNAMIC_NO_PIC = NO;
				GCC_NO_COMMON_BLOCKS = YES;
				GCC_OPTIMIZATION_LEVEL = 0;
				GCC_PREPROCESSOR_DEFINITIONS = (
					"DEBUG=1",
					"$(inherited)",
				);
				GCC_WARN_64_TO_32_BIT_CONVERSION = YES;
				GCC_WARN_ABOUT_RETURN_TYPE = YES_ERROR;
				GCC_WARN_UNDECLARED_SELECTOR = YES;
				GCC_WARN_UNINITIALIZED_AUTOS = YES_AGGRESSIVE;
				GCC_WARN_UNUSED_FUNCTION = YES;
				GCC_WARN_UNUSED_VARIABLE = YES;
				IPHONEOS_DEPLOYMENT_TARGET = 10.2;
				MTL_ENABLE_DEBUG_INFO = YES;
				ONLY_ACTIVE_ARCH = YES;
				SDKROOT = iphoneos;
				SWIFT_ACTIVE_COMPILATION_CONDITIONS = DEBUG;
				SWIFT_OPTIMIZATION_LEVEL = "-Onone";
			};
			name = Debug;
		};
		D0501D0F1EFBBB170010582C /* Release */ = {
			isa = XCBuildConfiguration;
			buildSettings = {
				ALWAYS_SEARCH_USER_PATHS = NO;
				CLANG_ANALYZER_NONNULL = YES;
				CLANG_CXX_LANGUAGE_STANDARD = "gnu++0x";
				CLANG_CXX_LIBRARY = "libc++";
				CLANG_ENABLE_MODULES = YES;
				CLANG_ENABLE_OBJC_ARC = YES;
				CLANG_WARN_BOOL_CONVERSION = YES;
				CLANG_WARN_CONSTANT_CONVERSION = YES;
				CLANG_WARN_DIRECT_OBJC_ISA_USAGE = YES_ERROR;
				CLANG_WARN_DOCUMENTATION_COMMENTS = YES;
				CLANG_WARN_EMPTY_BODY = YES;
				CLANG_WARN_ENUM_CONVERSION = YES;
				CLANG_WARN_INFINITE_RECURSION = YES;
				CLANG_WARN_INT_CONVERSION = YES;
				CLANG_WARN_OBJC_ROOT_CLASS = YES_ERROR;
				CLANG_WARN_SUSPICIOUS_MOVE = YES;
				CLANG_WARN_UNREACHABLE_CODE = YES;
				CLANG_WARN__DUPLICATE_METHOD_MATCH = YES;
				"CODE_SIGN_IDENTITY[sdk=iphoneos*]" = "iPhone Developer";
				COPY_PHASE_STRIP = NO;
				DEBUG_INFORMATION_FORMAT = "dwarf-with-dsym";
				ENABLE_NS_ASSERTIONS = NO;
				ENABLE_STRICT_OBJC_MSGSEND = YES;
				GCC_C_LANGUAGE_STANDARD = gnu99;
				GCC_NO_COMMON_BLOCKS = YES;
				GCC_WARN_64_TO_32_BIT_CONVERSION = YES;
				GCC_WARN_ABOUT_RETURN_TYPE = YES_ERROR;
				GCC_WARN_UNDECLARED_SELECTOR = YES;
				GCC_WARN_UNINITIALIZED_AUTOS = YES_AGGRESSIVE;
				GCC_WARN_UNUSED_FUNCTION = YES;
				GCC_WARN_UNUSED_VARIABLE = YES;
				IPHONEOS_DEPLOYMENT_TARGET = 10.2;
				MTL_ENABLE_DEBUG_INFO = NO;
				SDKROOT = iphoneos;
				SWIFT_OPTIMIZATION_LEVEL = "-Owholemodule";
				VALIDATE_PRODUCT = YES;
			};
			name = Release;
		};
		D0501D111EFBBB170010582C /* Debug */ = {
			isa = XCBuildConfiguration;
			buildSettings = {
				ASSETCATALOG_COMPILER_APPICON_NAME = AppIcon;
				DEVELOPMENT_TEAM = VDHAM8S7J8;
				INFOPLIST_FILE = PlayProject/Info.plist;
				LD_RUNPATH_SEARCH_PATHS = "$(inherited) @executable_path/Frameworks";
				PRODUCT_BUNDLE_IDENTIFIER = com.seniornode.PlayProject;
				PRODUCT_NAME = "$(TARGET_NAME)";
				SWIFT_VERSION = 3.0;
			};
			name = Debug;
		};
		D0501D121EFBBB170010582C /* Release */ = {
			isa = XCBuildConfiguration;
			buildSettings = {
				ASSETCATALOG_COMPILER_APPICON_NAME = AppIcon;
				DEVELOPMENT_TEAM = VDHAM8S7J8;
				INFOPLIST_FILE = PlayProject/Info.plist;
				LD_RUNPATH_SEARCH_PATHS = "$(inherited) @executable_path/Frameworks";
				PRODUCT_BUNDLE_IDENTIFIER = com.seniornode.PlayProject;
				PRODUCT_NAME = "$(TARGET_NAME)";
				SWIFT_VERSION = 3.0;
			};
			name = Release;
		};
/* End XCBuildConfiguration section */

/* Begin XCConfigurationList section */
		D0501CF91EFBBB170010582C /* Build configuration list for PBXProject "PlayProject" */ = {
			isa = XCConfigurationList;
			buildConfigurations = (
				D0501D0E1EFBBB170010582C /* Debug */,
				D0501D0F1EFBBB170010582C /* Release */,
			);
			defaultConfigurationIsVisible = 0;
			defaultConfigurationName = Release;
		};
		D0501D101EFBBB170010582C /* Build configuration list for PBXNativeTarget "PlayProject" */ = {
			isa = XCConfigurationList;
			buildConfigurations = (
				D0501D111EFBBB170010582C /* Debug */,
				D0501D121EFBBB170010582C /* Release */,
			);
			defaultConfigurationIsVisible = 0;
		};
/* End XCConfigurationList section */
	};
	rootObject = D0501CF61EFBBB170010582C /* Project object */;
}
